{
  "projects": [
    {
      "projectId": "8kaaMUEQHxomwqwuKNMozy",
      "version": "latest",
      "dependencies": {},
      "lang": "ts",
      "fileLocks": [
        {
          "assetId": "8kaaMUEQHxomwqwuKNMozy",
          "checksum": "86d58eb62fd6f9fe7602ce02661e9ae8",
          "type": "projectModule"
        },
        {
          "assetId": "8kaaMUEQHxomwqwuKNMozy",
          "checksum": "d3114d48098518e78c4f2f771dfdd9e8",
          "type": "styleTokensProvider"
        },
        {
          "type": "renderModule",
          "assetId": "PsrXtMg1_Gbw",
          "checksum": "aec79e287bf8f780c89504e1e6de91cb"
        },
        {
          "type": "cssRules",
          "assetId": "PsrXtMg1_Gbw",
          "checksum": "aec79e287bf8f780c89504e1e6de91cb"
        },
        {
          "type": "image",
          "assetId": "4aoFJJQs3QQe",
          "checksum": "fb7f9e68c5c6555f0e9766017402e945"
        },
        {
          "type": "image",
          "assetId": "F2-doLga44RQ",
          "checksum": "7bd2b49645ca5caa037b42add7cd1c23"
        },
        {
          "type": "image",
          "assetId": "2QoNJemhHudP",
          "checksum": "dc16f629bda2e923160f5bbb32980000"
        },
        {
          "type": "image",
          "assetId": "8FTQ1WSJHE95",
          "checksum": "2a99c2def5cfe9f9e84f23c9bc0549d7"
        },
        {
          "type": "image",
          "assetId": "TdJ554RK_Cvb",
          "checksum": "b73b6a13c80aa717c3894b2ac0029b7e"
        },
        {
          "type": "image",
          "assetId": "M23NloPCDCkM",
          "checksum": "c6ef491baee99b6471f0713aef9cae35"
        },
        {
          "type": "image",
          "assetId": "kd90JAPr2IJ8",
          "checksum": "0f9733288fb76933a96efd309d4b2e33"
        },
        {
          "type": "image",
          "assetId": "tig3ST8Uchmv",
          "checksum": "329f0401067c2f124d0fcd9d9abc3821"
        },
        {
          "type": "image",
          "assetId": "TzwPcs7gxcnP",
          "checksum": "8a3520ce06d677af3f8b463b7a60a6e2"
        },
        {
          "type": "image",
          "assetId": "5ypSdMiK90os",
          "checksum": "b651a7221f605ab02f967bb671203994"
        },
        {
          "type": "image",
          "assetId": "kPV-1c0WlEiZ",
          "checksum": "a35b42934c92b3aba62ae4a60a56b850"
        },
        {
          "type": "image",
          "assetId": "V2WJ7cXzSQuJ",
          "checksum": "c3d5b9139d33880825fa75e20ace664d"
        },
        {
          "type": "image",
          "assetId": "yh4HkZPfgdh9",
          "checksum": "882047e1615dbacc74ebe87b050212a4"
        },
        {
          "assetId": "8kaaMUEQHxomwqwuKNMozy",
          "type": "projectCss",
          "checksum": "3c652c8ce472b771563b0755200c59b5"
        }
      ],
      "codegenVersion": "0.0.2"
    }
  ],
  "cliVersion": "0.1.355"
}
