{
  "projects": [
    {
      "projectId": "8kaaMUEQHxomwqwuKNMozy",
      "version": "latest",
      "dependencies": {},
      "lang": "ts",
      "fileLocks": [
        {
          "assetId": "8kaaMUEQHxomwqwuKNMozy",
          "checksum": "86d58eb62fd6f9fe7602ce02661e9ae8",
          "type": "projectModule"
        },
        {
          "assetId": "8kaaMUEQHxomwqwuKNMozy",
          "checksum": "d3114d48098518e78c4f2f771dfdd9e8",
          "type": "styleTokensProvider"
        },
        {
          "type": "renderModule",
          "assetId": "PsrXtMg1_Gbw",
          "checksum": "0a4badaea63abc9e2b5c45b30480cf25"
        },
        {
          "type": "cssRules",
          "assetId": "PsrXtMg1_Gbw",
          "checksum": "0a4badaea63abc9e2b5c45b30480cf25"
        },
        {
          "type": "image",
          "assetId": "4aoFJJQs3QQe",
          "checksum": "fb7f9e68c5c6555f0e9766017402e945"
        },
        {
          "type": "image",
          "assetId": "F2-doLga44RQ",
          "checksum": "7bd2b49645ca5caa037b42add7cd1c23"
        },
        {
          "type": "image",
          "assetId": "2QoNJemhHudP",
          "checksum": "dc16f629bda2e923160f5bbb32980000"
        },
        {
          "type": "image",
          "assetId": "8FTQ1WSJHE95",
          "checksum": "2a99c2def5cfe9f9e84f23c9bc0549d7"
        },
        {
          "type": "image",
          "assetId": "TdJ554RK_Cvb",
          "checksum": "b73b6a13c80aa717c3894b2ac0029b7e"
        },
        {
          "assetId": "8kaaMUEQHxomwqwuKNMozy",
          "type": "projectCss",
          "checksum": "3c652c8ce472b771563b0755200c59b5"
        },
        {
          "type": "image",
          "assetId": "M23NloPCDCkM",
          "checksum": "c6ef491baee99b6471f0713aef9cae35"
        }
      ],
      "codegenVersion": "0.0.2"
    }
  ],
  "cliVersion": "0.1.355"
}
